
Microsoft Visual Studio Solution File, Format Version 12.00
# Visual Studio Version 16
VisualStudioVersion = 16.0.29613.14
MinimumVisualStudioVersion = 10.0.40219.1
Project("{FAE04EC0-301F-11D3-BF4B-00C04F79EFBC}") = "Organizer", "Organizer\Organizer.csproj", "{EA47AB85-4CE1-43F6-99C5-3AAFACCC32B7}"
EndProject
Global
	GlobalSection(SolutionConfigurationPlatforms) = preSolution
		Debug|Any CPU = Debug|Any CPU
		Release|Any CPU = Release|Any CPU
	EndGlobalSection
	GlobalSection(ProjectConfigurationPlatforms) = postSolution
		{EA47AB85-4CE1-43F6-99C5-3AAFACCC32B7}.Debug|Any CPU.ActiveCfg = Debug|Any CPU
		{EA47AB85-4CE1-43F6-99C5-3AAFACCC32B7}.Debug|Any CPU.Build.0 = Debug|Any CPU
		{EA47AB85-4CE1-43F6-99C5-3AAFACCC32B7}.Release|Any CPU.ActiveCfg = Release|Any CPU
		{EA47AB85-4CE1-43F6-99C5-3AAFACCC32B7}.Release|Any CPU.Build.0 = Release|Any CPU
	EndGlobalSection
	GlobalSection(SolutionProperties) = preSolution
		HideSolutionNode = FALSE
	EndGlobalSection
	GlobalSection(ExtensibilityGlobals) = postSolution
		SolutionGuid = {0C4C9A87-D152-47BF-BBF8-E0774D1B6894}
	EndGlobalSection
EndGlobal
